# THIS IS AN AUTOGENERATED FILE. DO NOT EDIT THIS FILE DIRECTLY.
# yarn lockfile v1


cryptocurrency-icons@^0.16.1:
  version "0.16.1"
  resolved "https://registry.yarnpkg.com/cryptocurrency-icons/-/cryptocurrency-icons-0.16.1.tgz#33ec0b828c666f773b53866b4b803b2a06c28efc"
  integrity sha512-C6y+r56g0ZJzZ9kCbeKa/WXb/oz1elilsaSGjv86T93P0oZWr4v5pxnbtZrEnvHn63qbTxo/Pz3NvzLbKrnQVQ==
